{
  "name": "min",
  "version": "1.0.0",
  "lockfileVersion": 3,
  "requires": true,
  "packages": {
    "": {
      "name": "min",
      "version": "1.0.0",
      "license": "ISC",
      "dependencies": {
        "@control.ts/min": "^0.1.10"
      }
    },
    "node_modules/@control.ts/control": {
      "version": "0.0.3",
      "resolved": "https://registry.npmjs.org/@control.ts/control/-/control-0.0.3.tgz",
      "integrity": "sha512-w6JzLRaxmltloPAJWRP4+d+MLNxqJ2ui8qMPNnu/F+CkdKUVBGm1IoaaflLA6PiKDzcMU+gPCJuLSW0dpmPpGw==",
      "license": "MIT"
    },
    "node_modules/@control.ts/min": {
      "version": "0.1.10",
      "resolved": "https://registry.npmjs.org/@control.ts/min/-/min-0.1.10.tgz",
      "integrity": "sha512-TowFUWR/Xv8PJTSNFmWyaMbIohf6yeqaV5yL1qxDKeVuBQplWYz7ofQqjioOn/yKeWJ5qWVp554qtIdmAopK3g==",
      "license": "MIT",
      "dependencies": {
        "@control.ts/control": "0.0.3"
      }
    }
  }
}
